
Microsoft Visual Studio Solution File, Format Version 12.00
# Visual Studio 15
VisualStudioVersion = 15.0.26403.7
MinimumVisualStudioVersion = 10.0.40219.1
Project("{FAE04EC0-301F-11D3-BF4B-00C04F79EFBC}") = "AFLTippingSite", "AFLTippingSite\AFLTippingSite.csproj", "{844FD5AC-AE8D-4760-B304-CE8CECBE5F1D}"
EndProject
Global
	GlobalSection(SolutionConfigurationPlatforms) = preSolution
		Debug|Any CPU = Debug|Any CPU
		Release|Any CPU = Release|Any CPU
	EndGlobalSection
	GlobalSection(ProjectConfigurationPlatforms) = postSolution
		{844FD5AC-AE8D-4760-B304-CE8CECBE5F1D}.Debug|Any CPU.ActiveCfg = Debug|Any CPU
		{844FD5AC-AE8D-4760-B304-CE8CECBE5F1D}.Debug|Any CPU.Build.0 = Debug|Any CPU
		{844FD5AC-AE8D-4760-B304-CE8CECBE5F1D}.Release|Any CPU.ActiveCfg = Release|Any CPU
		{844FD5AC-AE8D-4760-B304-CE8CECBE5F1D}.Release|Any CPU.Build.0 = Release|Any CPU
	EndGlobalSection
	GlobalSection(SolutionProperties) = preSolution
		HideSolutionNode = FALSE
	EndGlobalSection
EndGlobal
